
Microsoft Visual Studio Solution File, Format Version 12.00
# Visual Studio Version 16
VisualStudioVersion = 16.0.32228.343
MinimumVisualStudioVersion = 10.0.40219.1
Project("{9A19103F-16F7-4668-BE54-9A1E7A4F7556}") = "XamarinApp", "XamarinApp\XamarinApp\XamarinApp.csproj", "{9A335685-6BC0-4232-B434-74A262CA5E72}"
EndProject
Project("{FAE04EC0-301F-11D3-BF4B-00C04F79EFBC}") = "XamarinApp.Android", "XamarinApp\XamarinApp.Android\XamarinApp.Android.csproj", "{19432D08-2DA0-4D58-BEA6-A38D2B220DB8}"
EndProject
Project("{FAE04EC0-301F-11D3-BF4B-00C04F79EFBC}") = "XamarinApp.iOS", "XamarinApp\XamarinApp.iOS\XamarinApp.iOS.csproj", "{F5C4F327-F20F-4D5D-84DB-30EE8AD4AA7E}"
EndProject
Project("{FAE04EC0-301F-11D3-BF4B-00C04F79EFBC}") = "XamarinApp.UWP", "XamarinApp\XamarinApp.UWP\XamarinApp.UWP.csproj", "{DC452ACD-3A67-4335-A0DE-D9595F9C05BE}"
EndProject
Project("{9A19103F-16F7-4668-BE54-9A1E7A4F7556}") = "XamarinApp.Test", "XamarinApp.Test\XamarinApp.Test.csproj", "{FE941461-8FEF-4486-91C4-AA2C5D05FDA3}"
EndProject
Project("{9A19103F-16F7-4668-BE54-9A1E7A4F7556}") = "ModuleA", "Module1\ModuleA.csproj", "{502195E7-2D7A-4016-BD09-EDEC30D454D1}"
EndProject
Project("{9A19103F-16F7-4668-BE54-9A1E7A4F7556}") = "GraphQLDemo.Api", "GraphQLDemo.Api\GraphQLDemo.Api.csproj", "{D96AD2B3-3871-44A6-9276-FDDE717578FA}"
EndProject
Project("{9A19103F-16F7-4668-BE54-9A1E7A4F7556}") = "GraphQLDemo.Client", "GraphQLDemo.Client\GraphQLDemo.Client.csproj", "{9071794E-84D1-4EFC-97D4-AC6C26BFFA1B}"
EndProject
Project("{FAE04EC0-301F-11D3-BF4B-00C04F79EFBC}") = "DemoBinding", "DemoBinding\DemoBinding.csproj", "{6C04004E-4D54-4595-9946-D2FCE279EFB1}"
EndProject
Global
	GlobalSection(SolutionConfigurationPlatforms) = preSolution
		Ad-Hoc|Any CPU = Ad-Hoc|Any CPU
		Ad-Hoc|ARM = Ad-Hoc|ARM
		Ad-Hoc|iPhone = Ad-Hoc|iPhone
		Ad-Hoc|iPhoneSimulator = Ad-Hoc|iPhoneSimulator
		Ad-Hoc|x64 = Ad-Hoc|x64
		Ad-Hoc|x86 = Ad-Hoc|x86
		AppStore|Any CPU = AppStore|Any CPU
		AppStore|ARM = AppStore|ARM
		AppStore|iPhone = AppStore|iPhone
		AppStore|iPhoneSimulator = AppStore|iPhoneSimulator
		AppStore|x64 = AppStore|x64
		AppStore|x86 = AppStore|x86
		Debug|Any CPU = Debug|Any CPU
		Debug|ARM = Debug|ARM
		Debug|iPhone = Debug|iPhone
		Debug|iPhoneSimulator = Debug|iPhoneSimulator
		Debug|x64 = Debug|x64
		Debug|x86 = Debug|x86
		Release|Any CPU = Release|Any CPU
		Release|ARM = Release|ARM
		Release|iPhone = Release|iPhone
		Release|iPhoneSimulator = Release|iPhoneSimulator
		Release|x64 = Release|x64
		Release|x86 = Release|x86
	EndGlobalSection
	GlobalSection(ProjectConfigurationPlatforms) = postSolution
		{9A335685-6BC0-4232-B434-74A262CA5E72}.Ad-Hoc|Any CPU.ActiveCfg = Debug|Any CPU
		{9A335685-6BC0-4232-B434-74A262CA5E72}.Ad-Hoc|Any CPU.Build.0 = Debug|Any CPU
		{9A335685-6BC0-4232-B434-74A262CA5E72}.Ad-Hoc|ARM.ActiveCfg = Debug|Any CPU
		{9A335685-6BC0-4232-B434-74A262CA5E72}.Ad-Hoc|ARM.Build.0 = Debug|Any CPU
		{9A335685-6BC0-4232-B434-74A262CA5E72}.Ad-Hoc|iPhone.ActiveCfg = Debug|Any CPU
		{9A335685-6BC0-4232-B434-74A262CA5E72}.Ad-Hoc|iPhone.Build.0 = Debug|Any CPU
		{9A335685-6BC0-4232-B434-74A262CA5E72}.Ad-Hoc|iPhoneSimulator.ActiveCfg = Debug|Any CPU
		{9A335685-6BC0-4232-B434-74A262CA5E72}.Ad-Hoc|iPhoneSimulator.Build.0 = Debug|Any CPU
		{9A335685-6BC0-4232-B434-74A262CA5E72}.Ad-Hoc|x64.ActiveCfg = Debug|Any CPU
		{9A335685-6BC0-4232-B434-74A262CA5E72}.Ad-Hoc|x64.Build.0 = Debug|Any CPU
		{9A335685-6BC0-4232-B434-74A262CA5E72}.Ad-Hoc|x86.ActiveCfg = Debug|Any CPU
		{9A335685-6BC0-4232-B434-74A262CA5E72}.Ad-Hoc|x86.Build.0 = Debug|Any CPU
		{9A335685-6BC0-4232-B434-74A262CA5E72}.AppStore|Any CPU.ActiveCfg = Debug|Any CPU
		{9A335685-6BC0-4232-B434-74A262CA5E72}.AppStore|Any CPU.Build.0 = Debug|Any CPU
		{9A335685-6BC0-4232-B434-74A262CA5E72}.AppStore|ARM.ActiveCfg = Debug|Any CPU
		{9A335685-6BC0-4232-B434-74A262CA5E72}.AppStore|ARM.Build.0 = Debug|Any CPU
		{9A335685-6BC0-4232-B434-74A262CA5E72}.AppStore|iPhone.ActiveCfg = Debug|Any CPU
		{9A335685-6BC0-4232-B434-74A262CA5E72}.AppStore|iPhone.Build.0 = Debug|Any CPU
		{9A335685-6BC0-4232-B434-74A262CA5E72}.AppStore|iPhoneSimulator.ActiveCfg = Debug|Any CPU
		{9A335685-6BC0-4232-B434-74A262CA5E72}.AppStore|iPhoneSimulator.Build.0 = Debug|Any CPU
		{9A335685-6BC0-4232-B434-74A262CA5E72}.AppStore|x64.ActiveCfg = Debug|Any CPU
		{9A335685-6BC0-4232-B434-74A262CA5E72}.AppStore|x64.Build.0 = Debug|Any CPU
		{9A335685-6BC0-4232-B434-74A262CA5E72}.AppStore|x86.ActiveCfg = Debug|Any CPU
		{9A335685-6BC0-4232-B434-74A262CA5E72}.AppStore|x86.Build.0 = Debug|Any CPU
		{9A335685-6BC0-4232-B434-74A262CA5E72}.Debug|Any CPU.ActiveCfg = Debug|Any CPU
		{9A335685-6BC0-4232-B434-74A262CA5E72}.Debug|Any CPU.Build.0 = Debug|Any CPU
		{9A335685-6BC0-4232-B434-74A262CA5E72}.Debug|ARM.ActiveCfg = Debug|Any CPU
		{9A335685-6BC0-4232-B434-74A262CA5E72}.Debug|ARM.Build.0 = Debug|Any CPU
		{9A335685-6BC0-4232-B434-74A262CA5E72}.Debug|iPhone.ActiveCfg = Debug|Any CPU
		{9A335685-6BC0-4232-B434-74A262CA5E72}.Debug|iPhone.Build.0 = Debug|Any CPU
		{9A335685-6BC0-4232-B434-74A262CA5E72}.Debug|iPhoneSimulator.ActiveCfg = Debug|Any CPU
		{9A335685-6BC0-4232-B434-74A262CA5E72}.Debug|iPhoneSimulator.Build.0 = Debug|Any CPU
		{9A335685-6BC0-4232-B434-74A262CA5E72}.Debug|x64.ActiveCfg = Debug|Any CPU
		{9A335685-6BC0-4232-B434-74A262CA5E72}.Debug|x64.Build.0 = Debug|Any CPU
		{9A335685-6BC0-4232-B434-74A262CA5E72}.Debug|x86.ActiveCfg = Debug|Any CPU
		{9A335685-6BC0-4232-B434-74A262CA5E72}.Debug|x86.Build.0 = Debug|Any CPU
		{9A335685-6BC0-4232-B434-74A262CA5E72}.Release|Any CPU.ActiveCfg = Release|Any CPU
		{9A335685-6BC0-4232-B434-74A262CA5E72}.Release|Any CPU.Build.0 = Release|Any CPU
		{9A335685-6BC0-4232-B434-74A262CA5E72}.Release|ARM.ActiveCfg = Release|Any CPU
		{9A335685-6BC0-4232-B434-74A262CA5E72}.Release|ARM.Build.0 = Release|Any CPU
		{9A335685-6BC0-4232-B434-74A262CA5E72}.Release|iPhone.ActiveCfg = Release|Any CPU
		{9A335685-6BC0-4232-B434-74A262CA5E72}.Release|iPhone.Build.0 = Release|Any CPU
		{9A335685-6BC0-4232-B434-74A262CA5E72}.Release|iPhoneSimulator.ActiveCfg = Release|Any CPU
		{9A335685-6BC0-4232-B434-74A262CA5E72}.Release|iPhoneSimulator.Build.0 = Release|Any CPU
		{9A335685-6BC0-4232-B434-74A262CA5E72}.Release|x64.ActiveCfg = Release|Any CPU
		{9A335685-6BC0-4232-B434-74A262CA5E72}.Release|x64.Build.0 = Release|Any CPU
		{9A335685-6BC0-4232-B434-74A262CA5E72}.Release|x86.ActiveCfg = Release|Any CPU
		{9A335685-6BC0-4232-B434-74A262CA5E72}.Release|x86.Build.0 = Release|Any CPU
		{19432D08-2DA0-4D58-BEA6-A38D2B220DB8}.Ad-Hoc|Any CPU.ActiveCfg = Debug|Any CPU
		{19432D08-2DA0-4D58-BEA6-A38D2B220DB8}.Ad-Hoc|Any CPU.Build.0 = Debug|Any CPU
		{19432D08-2DA0-4D58-BEA6-A38D2B220DB8}.Ad-Hoc|Any CPU.Deploy.0 = Debug|Any CPU
		{19432D08-2DA0-4D58-BEA6-A38D2B220DB8}.Ad-Hoc|ARM.ActiveCfg = Debug|Any CPU
		{19432D08-2DA0-4D58-BEA6-A38D2B220DB8}.Ad-Hoc|ARM.Build.0 = Debug|Any CPU
		{19432D08-2DA0-4D58-BEA6-A38D2B220DB8}.Ad-Hoc|ARM.Deploy.0 = Debug|Any CPU
		{19432D08-2DA0-4D58-BEA6-A38D2B220DB8}.Ad-Hoc|iPhone.ActiveCfg = Debug|Any CPU
		{19432D08-2DA0-4D58-BEA6-A38D2B220DB8}.Ad-Hoc|iPhone.Build.0 = Debug|Any CPU
		{19432D08-2DA0-4D58-BEA6-A38D2B220DB8}.Ad-Hoc|iPhone.Deploy.0 = Debug|Any CPU
		{19432D08-2DA0-4D58-BEA6-A38D2B220DB8}.Ad-Hoc|iPhoneSimulator.ActiveCfg = Debug|Any CPU
		{19432D08-2DA0-4D58-BEA6-A38D2B220DB8}.Ad-Hoc|iPhoneSimulator.Build.0 = Debug|Any CPU
		{19432D08-2DA0-4D58-BEA6-A38D2B220DB8}.Ad-Hoc|iPhoneSimulator.Deploy.0 = Debug|Any CPU
		{19432D08-2DA0-4D58-BEA6-A38D2B220DB8}.Ad-Hoc|x64.ActiveCfg = Debug|Any CPU
		{19432D08-2DA0-4D58-BEA6-A38D2B220DB8}.Ad-Hoc|x64.Build.0 = Debug|Any CPU
		{19432D08-2DA0-4D58-BEA6-A38D2B220DB8}.Ad-Hoc|x64.Deploy.0 = Debug|Any CPU
		{19432D08-2DA0-4D58-BEA6-A38D2B220DB8}.Ad-Hoc|x86.ActiveCfg = Debug|Any CPU
		{19432D08-2DA0-4D58-BEA6-A38D2B220DB8}.Ad-Hoc|x86.Build.0 = Debug|Any CPU
		{19432D08-2DA0-4D58-BEA6-A38D2B220DB8}.Ad-Hoc|x86.Deploy.0 = Debug|Any CPU
		{19432D08-2DA0-4D58-BEA6-A38D2B220DB8}.AppStore|Any CPU.ActiveCfg = Debug|Any CPU
		{19432D08-2DA0-4D58-BEA6-A38D2B220DB8}.AppStore|Any CPU.Build.0 = Debug|Any CPU
		{19432D08-2DA0-4D58-BEA6-A38D2B220DB8}.AppStore|Any CPU.Deploy.0 = Debug|Any CPU
		{19432D08-2DA0-4D58-BEA6-A38D2B220DB8}.AppStore|ARM.ActiveCfg = Debug|Any CPU
		{19432D08-2DA0-4D58-BEA6-A38D2B220DB8}.AppStore|ARM.Build.0 = Debug|Any CPU
		{19432D08-2DA0-4D58-BEA6-A38D2B220DB8}.AppStore|ARM.Deploy.0 = Debug|Any CPU
		{19432D08-2DA0-4D58-BEA6-A38D2B220DB8}.AppStore|iPhone.ActiveCfg = Debug|Any CPU
		{19432D08-2DA0-4D58-BEA6-A38D2B220DB8}.AppStore|iPhone.Build.0 = Debug|Any CPU
		{19432D08-2DA0-4D58-BEA6-A38D2B220DB8}.AppStore|iPhone.Deploy.0 = Debug|Any CPU
		{19432D08-2DA0-4D58-BEA6-A38D2B220DB8}.AppStore|iPhoneSimulator.ActiveCfg = Debug|Any CPU
		{19432D08-2DA0-4D58-BEA6-A38D2B220DB8}.AppStore|iPhoneSimulator.Build.0 = Debug|Any CPU
		{19432D08-2DA0-4D58-BEA6-A38D2B220DB8}.AppStore|iPhoneSimulator.Deploy.0 = Debug|Any CPU
		{19432D08-2DA0-4D58-BEA6-A38D2B220DB8}.AppStore|x64.ActiveCfg = Debug|Any CPU
		{19432D08-2DA0-4D58-BEA6-A38D2B220DB8}.AppStore|x64.Build.0 = Debug|Any CPU
		{19432D08-2DA0-4D58-BEA6-A38D2B220DB8}.AppStore|x64.Deploy.0 = Debug|Any CPU
		{19432D08-2DA0-4D58-BEA6-A38D2B220DB8}.AppStore|x86.ActiveCfg = Debug|Any CPU
		{19432D08-2DA0-4D58-BEA6-A38D2B220DB8}.AppStore|x86.Build.0 = Debug|Any CPU
		{19432D08-2DA0-4D58-BEA6-A38D2B220DB8}.AppStore|x86.Deploy.0 = Debug|Any CPU
		{19432D08-2DA0-4D58-BEA6-A38D2B220DB8}.Debug|Any CPU.ActiveCfg = Debug|Any CPU
		{19432D08-2DA0-4D58-BEA6-A38D2B220DB8}.Debug|Any CPU.Build.0 = Debug|Any CPU
		{19432D08-2DA0-4D58-BEA6-A38D2B220DB8}.Debug|Any CPU.Deploy.0 = Debug|Any CPU
		{19432D08-2DA0-4D58-BEA6-A38D2B220DB8}.Debug|ARM.ActiveCfg = Debug|Any CPU
		{19432D08-2DA0-4D58-BEA6-A38D2B220DB8}.Debug|ARM.Build.0 = Debug|Any CPU
		{19432D08-2DA0-4D58-BEA6-A38D2B220DB8}.Debug|ARM.Deploy.0 = Debug|Any CPU
		{19432D08-2DA0-4D58-BEA6-A38D2B220DB8}.Debug|iPhone.ActiveCfg = Debug|Any CPU
		{19432D08-2DA0-4D58-BEA6-A38D2B220DB8}.Debug|iPhone.Build.0 = Debug|Any CPU
		{19432D08-2DA0-4D58-BEA6-A38D2B220DB8}.Debug|iPhone.Deploy.0 = Debug|Any CPU
		{19432D08-2DA0-4D58-BEA6-A38D2B220DB8}.Debug|iPhoneSimulator.ActiveCfg = Debug|Any CPU
		{19432D08-2DA0-4D58-BEA6-A38D2B220DB8}.Debug|iPhoneSimulator.Build.0 = Debug|Any CPU
		{19432D08-2DA0-4D58-BEA6-A38D2B220DB8}.Debug|iPhoneSimulator.Deploy.0 = Debug|Any CPU
		{19432D08-2DA0-4D58-BEA6-A38D2B220DB8}.Debug|x64.ActiveCfg = Debug|Any CPU
		{19432D08-2DA0-4D58-BEA6-A38D2B220DB8}.Debug|x64.Build.0 = Debug|Any CPU
		{19432D08-2DA0-4D58-BEA6-A38D2B220DB8}.Debug|x64.Deploy.0 = Debug|Any CPU
		{19432D08-2DA0-4D58-BEA6-A38D2B220DB8}.Debug|x86.ActiveCfg = Debug|Any CPU
		{19432D08-2DA0-4D58-BEA6-A38D2B220DB8}.Debug|x86.Build.0 = Debug|Any CPU
		{19432D08-2DA0-4D58-BEA6-A38D2B220DB8}.Debug|x86.Deploy.0 = Debug|Any CPU
		{19432D08-2DA0-4D58-BEA6-A38D2B220DB8}.Release|Any CPU.ActiveCfg = Release|Any CPU
		{19432D08-2DA0-4D58-BEA6-A38D2B220DB8}.Release|Any CPU.Build.0 = Release|Any CPU
		{19432D08-2DA0-4D58-BEA6-A38D2B220DB8}.Release|Any CPU.Deploy.0 = Release|Any CPU
		{19432D08-2DA0-4D58-BEA6-A38D2B220DB8}.Release|ARM.ActiveCfg = Release|Any CPU
		{19432D08-2DA0-4D58-BEA6-A38D2B220DB8}.Release|ARM.Build.0 = Release|Any CPU
		{19432D08-2DA0-4D58-BEA6-A38D2B220DB8}.Release|ARM.Deploy.0 = Release|Any CPU
		{19432D08-2DA0-4D58-BEA6-A38D2B220DB8}.Release|iPhone.ActiveCfg = Release|Any CPU
		{19432D08-2DA0-4D58-BEA6-A38D2B220DB8}.Release|iPhone.Build.0 = Release|Any CPU
		{19432D08-2DA0-4D58-BEA6-A38D2B220DB8}.Release|iPhone.Deploy.0 = Release|Any CPU
		{19432D08-2DA0-4D58-BEA6-A38D2B220DB8}.Release|iPhoneSimulator.ActiveCfg = Release|Any CPU
		{19432D08-2DA0-4D58-BEA6-A38D2B220DB8}.Release|iPhoneSimulator.Build.0 = Release|Any CPU
		{19432D08-2DA0-4D58-BEA6-A38D2B220DB8}.Release|iPhoneSimulator.Deploy.0 = Release|Any CPU
		{19432D08-2DA0-4D58-BEA6-A38D2B220DB8}.Release|x64.ActiveCfg = Release|Any CPU
		{19432D08-2DA0-4D58-BEA6-A38D2B220DB8}.Release|x64.Build.0 = Release|Any CPU
		{19432D08-2DA0-4D58-BEA6-A38D2B220DB8}.Release|x64.Deploy.0 = Release|Any CPU
		{19432D08-2DA0-4D58-BEA6-A38D2B220DB8}.Release|x86.ActiveCfg = Release|Any CPU
		{19432D08-2DA0-4D58-BEA6-A38D2B220DB8}.Release|x86.Build.0 = Release|Any CPU
		{19432D08-2DA0-4D58-BEA6-A38D2B220DB8}.Release|x86.Deploy.0 = Release|Any CPU
		{F5C4F327-F20F-4D5D-84DB-30EE8AD4AA7E}.Ad-Hoc|Any CPU.ActiveCfg = Ad-Hoc|iPhoneSimulator
		{F5C4F327-F20F-4D5D-84DB-30EE8AD4AA7E}.Ad-Hoc|ARM.ActiveCfg = Ad-Hoc|iPhoneSimulator
		{F5C4F327-F20F-4D5D-84DB-30EE8AD4AA7E}.Ad-Hoc|iPhone.ActiveCfg = Ad-Hoc|iPhone
		{F5C4F327-F20F-4D5D-84DB-30EE8AD4AA7E}.Ad-Hoc|iPhone.Build.0 = Ad-Hoc|iPhone
		{F5C4F327-F20F-4D5D-84DB-30EE8AD4AA7E}.Ad-Hoc|iPhoneSimulator.ActiveCfg = Ad-Hoc|iPhoneSimulator
		{F5C4F327-F20F-4D5D-84DB-30EE8AD4AA7E}.Ad-Hoc|iPhoneSimulator.Build.0 = Ad-Hoc|iPhoneSimulator
		{F5C4F327-F20F-4D5D-84DB-30EE8AD4AA7E}.Ad-Hoc|x64.ActiveCfg = Ad-Hoc|iPhoneSimulator
		{F5C4F327-F20F-4D5D-84DB-30EE8AD4AA7E}.Ad-Hoc|x86.ActiveCfg = Ad-Hoc|iPhoneSimulator
		{F5C4F327-F20F-4D5D-84DB-30EE8AD4AA7E}.AppStore|Any CPU.ActiveCfg = AppStore|iPhoneSimulator
		{F5C4F327-F20F-4D5D-84DB-30EE8AD4AA7E}.AppStore|ARM.ActiveCfg = AppStore|iPhoneSimulator
		{F5C4F327-F20F-4D5D-84DB-30EE8AD4AA7E}.AppStore|iPhone.ActiveCfg = AppStore|iPhone
		{F5C4F327-F20F-4D5D-84DB-30EE8AD4AA7E}.AppStore|iPhone.Build.0 = AppStore|iPhone
		{F5C4F327-F20F-4D5D-84DB-30EE8AD4AA7E}.AppStore|iPhoneSimulator.ActiveCfg = AppStore|iPhoneSimulator
		{F5C4F327-F20F-4D5D-84DB-30EE8AD4AA7E}.AppStore|iPhoneSimulator.Build.0 = AppStore|iPhoneSimulator
		{F5C4F327-F20F-4D5D-84DB-30EE8AD4AA7E}.AppStore|x64.ActiveCfg = AppStore|iPhoneSimulator
		{F5C4F327-F20F-4D5D-84DB-30EE8AD4AA7E}.AppStore|x86.ActiveCfg = AppStore|iPhoneSimulator
		{F5C4F327-F20F-4D5D-84DB-30EE8AD4AA7E}.Debug|Any CPU.ActiveCfg = Debug|iPhoneSimulator
		{F5C4F327-F20F-4D5D-84DB-30EE8AD4AA7E}.Debug|ARM.ActiveCfg = Debug|iPhoneSimulator
		{F5C4F327-F20F-4D5D-84DB-30EE8AD4AA7E}.Debug|iPhone.ActiveCfg = Debug|iPhone
		{F5C4F327-F20F-4D5D-84DB-30EE8AD4AA7E}.Debug|iPhone.Build.0 = Debug|iPhone
		{F5C4F327-F20F-4D5D-84DB-30EE8AD4AA7E}.Debug|iPhoneSimulator.ActiveCfg = Debug|iPhoneSimulator
		{F5C4F327-F20F-4D5D-84DB-30EE8AD4AA7E}.Debug|iPhoneSimulator.Build.0 = Debug|iPhoneSimulator
		{F5C4F327-F20F-4D5D-84DB-30EE8AD4AA7E}.Debug|x64.ActiveCfg = Debug|iPhoneSimulator
		{F5C4F327-F20F-4D5D-84DB-30EE8AD4AA7E}.Debug|x86.ActiveCfg = Debug|iPhoneSimulator
		{F5C4F327-F20F-4D5D-84DB-30EE8AD4AA7E}.Release|Any CPU.ActiveCfg = Release|iPhoneSimulator
		{F5C4F327-F20F-4D5D-84DB-30EE8AD4AA7E}.Release|ARM.ActiveCfg = Release|iPhoneSimulator
		{F5C4F327-F20F-4D5D-84DB-30EE8AD4AA7E}.Release|iPhone.ActiveCfg = Release|iPhone
		{F5C4F327-F20F-4D5D-84DB-30EE8AD4AA7E}.Release|iPhone.Build.0 = Release|iPhone
		{F5C4F327-F20F-4D5D-84DB-30EE8AD4AA7E}.Release|iPhoneSimulator.ActiveCfg = Release|iPhoneSimulator
		{F5C4F327-F20F-4D5D-84DB-30EE8AD4AA7E}.Release|iPhoneSimulator.Build.0 = Release|iPhoneSimulator
		{F5C4F327-F20F-4D5D-84DB-30EE8AD4AA7E}.Release|x64.ActiveCfg = Release|iPhoneSimulator
		{F5C4F327-F20F-4D5D-84DB-30EE8AD4AA7E}.Release|x86.ActiveCfg = Release|iPhoneSimulator
		{DC452ACD-3A67-4335-A0DE-D9595F9C05BE}.Ad-Hoc|Any CPU.ActiveCfg = Debug|ARM
		{DC452ACD-3A67-4335-A0DE-D9595F9C05BE}.Ad-Hoc|Any CPU.Build.0 = Debug|ARM
		{DC452ACD-3A67-4335-A0DE-D9595F9C05BE}.Ad-Hoc|Any CPU.Deploy.0 = Debug|ARM
		{DC452ACD-3A67-4335-A0DE-D9595F9C05BE}.Ad-Hoc|ARM.ActiveCfg = Debug|ARM
		{DC452ACD-3A67-4335-A0DE-D9595F9C05BE}.Ad-Hoc|ARM.Build.0 = Debug|ARM
		{DC452ACD-3A67-4335-A0DE-D9595F9C05BE}.Ad-Hoc|ARM.Deploy.0 = Debug|ARM
		{DC452ACD-3A67-4335-A0DE-D9595F9C05BE}.Ad-Hoc|iPhone.ActiveCfg = Debug|ARM
		{DC452ACD-3A67-4335-A0DE-D9595F9C05BE}.Ad-Hoc|iPhone.Build.0 = Debug|ARM
		{DC452ACD-3A67-4335-A0DE-D9595F9C05BE}.Ad-Hoc|iPhone.Deploy.0 = Debug|ARM
		{DC452ACD-3A67-4335-A0DE-D9595F9C05BE}.Ad-Hoc|iPhoneSimulator.ActiveCfg = Debug|ARM
		{DC452ACD-3A67-4335-A0DE-D9595F9C05BE}.Ad-Hoc|iPhoneSimulator.Build.0 = Debug|ARM
		{DC452ACD-3A67-4335-A0DE-D9595F9C05BE}.Ad-Hoc|iPhoneSimulator.Deploy.0 = Debug|ARM
		{DC452ACD-3A67-4335-A0DE-D9595F9C05BE}.Ad-Hoc|x64.ActiveCfg = Debug|x64
		{DC452ACD-3A67-4335-A0DE-D9595F9C05BE}.Ad-Hoc|x64.Build.0 = Debug|x64
		{DC452ACD-3A67-4335-A0DE-D9595F9C05BE}.Ad-Hoc|x64.Deploy.0 = Debug|x64
		{DC452ACD-3A67-4335-A0DE-D9595F9C05BE}.Ad-Hoc|x86.ActiveCfg = Debug|x86
		{DC452ACD-3A67-4335-A0DE-D9595F9C05BE}.Ad-Hoc|x86.Build.0 = Debug|x86
		{DC452ACD-3A67-4335-A0DE-D9595F9C05BE}.Ad-Hoc|x86.Deploy.0 = Debug|x86
		{DC452ACD-3A67-4335-A0DE-D9595F9C05BE}.AppStore|Any CPU.ActiveCfg = Debug|ARM
		{DC452ACD-3A67-4335-A0DE-D9595F9C05BE}.AppStore|Any CPU.Build.0 = Debug|ARM
		{DC452ACD-3A67-4335-A0DE-D9595F9C05BE}.AppStore|Any CPU.Deploy.0 = Debug|ARM
		{DC452ACD-3A67-4335-A0DE-D9595F9C05BE}.AppStore|ARM.ActiveCfg = Debug|ARM
		{DC452ACD-3A67-4335-A0DE-D9595F9C05BE}.AppStore|ARM.Build.0 = Debug|ARM
		{DC452ACD-3A67-4335-A0DE-D9595F9C05BE}.AppStore|ARM.Deploy.0 = Debug|ARM
		{DC452ACD-3A67-4335-A0DE-D9595F9C05BE}.AppStore|iPhone.ActiveCfg = Debug|ARM
		{DC452ACD-3A67-4335-A0DE-D9595F9C05BE}.AppStore|iPhone.Build.0 = Debug|ARM
		{DC452ACD-3A67-4335-A0DE-D9595F9C05BE}.AppStore|iPhone.Deploy.0 = Debug|ARM
		{DC452ACD-3A67-4335-A0DE-D9595F9C05BE}.AppStore|iPhoneSimulator.ActiveCfg = Debug|ARM
		{DC452ACD-3A67-4335-A0DE-D9595F9C05BE}.AppStore|iPhoneSimulator.Build.0 = Debug|ARM
		{DC452ACD-3A67-4335-A0DE-D9595F9C05BE}.AppStore|iPhoneSimulator.Deploy.0 = Debug|ARM
		{DC452ACD-3A67-4335-A0DE-D9595F9C05BE}.AppStore|x64.ActiveCfg = Debug|x64
		{DC452ACD-3A67-4335-A0DE-D9595F9C05BE}.AppStore|x64.Build.0 = Debug|x64
		{DC452ACD-3A67-4335-A0DE-D9595F9C05BE}.AppStore|x64.Deploy.0 = Debug|x64
		{DC452ACD-3A67-4335-A0DE-D9595F9C05BE}.AppStore|x86.ActiveCfg = Debug|x86
		{DC452ACD-3A67-4335-A0DE-D9595F9C05BE}.AppStore|x86.Build.0 = Debug|x86
		{DC452ACD-3A67-4335-A0DE-D9595F9C05BE}.AppStore|x86.Deploy.0 = Debug|x86
		{DC452ACD-3A67-4335-A0DE-D9595F9C05BE}.Debug|Any CPU.ActiveCfg = Debug|x86
		{DC452ACD-3A67-4335-A0DE-D9595F9C05BE}.Debug|Any CPU.Build.0 = Debug|x86
		{DC452ACD-3A67-4335-A0DE-D9595F9C05BE}.Debug|Any CPU.Deploy.0 = Debug|x86
		{DC452ACD-3A67-4335-A0DE-D9595F9C05BE}.Debug|ARM.ActiveCfg = Debug|ARM
		{DC452ACD-3A67-4335-A0DE-D9595F9C05BE}.Debug|ARM.Build.0 = Debug|ARM
		{DC452ACD-3A67-4335-A0DE-D9595F9C05BE}.Debug|ARM.Deploy.0 = Debug|ARM
		{DC452ACD-3A67-4335-A0DE-D9595F9C05BE}.Debug|iPhone.ActiveCfg = Debug|x86
		{DC452ACD-3A67-4335-A0DE-D9595F9C05BE}.Debug|iPhoneSimulator.ActiveCfg = Debug|x86
		{DC452ACD-3A67-4335-A0DE-D9595F9C05BE}.Debug|x64.ActiveCfg = Debug|x64
		{DC452ACD-3A67-4335-A0DE-D9595F9C05BE}.Debug|x64.Build.0 = Debug|x64
		{DC452ACD-3A67-4335-A0DE-D9595F9C05BE}.Debug|x64.Deploy.0 = Debug|x64
		{DC452ACD-3A67-4335-A0DE-D9595F9C05BE}.Debug|x86.ActiveCfg = Debug|x86
		{DC452ACD-3A67-4335-A0DE-D9595F9C05BE}.Debug|x86.Build.0 = Debug|x86
		{DC452ACD-3A67-4335-A0DE-D9595F9C05BE}.Debug|x86.Deploy.0 = Debug|x86
		{DC452ACD-3A67-4335-A0DE-D9595F9C05BE}.Release|Any CPU.ActiveCfg = Release|x86
		{DC452ACD-3A67-4335-A0DE-D9595F9C05BE}.Release|ARM.ActiveCfg = Release|ARM
		{DC452ACD-3A67-4335-A0DE-D9595F9C05BE}.Release|ARM.Build.0 = Release|ARM
		{DC452ACD-3A67-4335-A0DE-D9595F9C05BE}.Release|ARM.Deploy.0 = Release|ARM
		{DC452ACD-3A67-4335-A0DE-D9595F9C05BE}.Release|iPhone.ActiveCfg = Release|x86
		{DC452ACD-3A67-4335-A0DE-D9595F9C05BE}.Release|iPhoneSimulator.ActiveCfg = Release|x86
		{DC452ACD-3A67-4335-A0DE-D9595F9C05BE}.Release|x64.ActiveCfg = Release|x64
		{DC452ACD-3A67-4335-A0DE-D9595F9C05BE}.Release|x64.Build.0 = Release|x64
		{DC452ACD-3A67-4335-A0DE-D9595F9C05BE}.Release|x64.Deploy.0 = Release|x64
		{DC452ACD-3A67-4335-A0DE-D9595F9C05BE}.Release|x86.ActiveCfg = Release|x86
		{DC452ACD-3A67-4335-A0DE-D9595F9C05BE}.Release|x86.Build.0 = Release|x86
		{DC452ACD-3A67-4335-A0DE-D9595F9C05BE}.Release|x86.Deploy.0 = Release|x86
		{FE941461-8FEF-4486-91C4-AA2C5D05FDA3}.Ad-Hoc|Any CPU.ActiveCfg = Debug|Any CPU
		{FE941461-8FEF-4486-91C4-AA2C5D05FDA3}.Ad-Hoc|Any CPU.Build.0 = Debug|Any CPU
		{FE941461-8FEF-4486-91C4-AA2C5D05FDA3}.Ad-Hoc|ARM.ActiveCfg = Debug|Any CPU
		{FE941461-8FEF-4486-91C4-AA2C5D05FDA3}.Ad-Hoc|ARM.Build.0 = Debug|Any CPU
		{FE941461-8FEF-4486-91C4-AA2C5D05FDA3}.Ad-Hoc|iPhone.ActiveCfg = Debug|Any CPU
		{FE941461-8FEF-4486-91C4-AA2C5D05FDA3}.Ad-Hoc|iPhone.Build.0 = Debug|Any CPU
		{FE941461-8FEF-4486-91C4-AA2C5D05FDA3}.Ad-Hoc|iPhoneSimulator.ActiveCfg = Debug|Any CPU
		{FE941461-8FEF-4486-91C4-AA2C5D05FDA3}.Ad-Hoc|iPhoneSimulator.Build.0 = Debug|Any CPU
		{FE941461-8FEF-4486-91C4-AA2C5D05FDA3}.Ad-Hoc|x64.ActiveCfg = Debug|Any CPU
		{FE941461-8FEF-4486-91C4-AA2C5D05FDA3}.Ad-Hoc|x64.Build.0 = Debug|Any CPU
		{FE941461-8FEF-4486-91C4-AA2C5D05FDA3}.Ad-Hoc|x86.ActiveCfg = Debug|Any CPU
		{FE941461-8FEF-4486-91C4-AA2C5D05FDA3}.Ad-Hoc|x86.Build.0 = Debug|Any CPU
		{FE941461-8FEF-4486-91C4-AA2C5D05FDA3}.AppStore|Any CPU.ActiveCfg = Debug|Any CPU
		{FE941461-8FEF-4486-91C4-AA2C5D05FDA3}.AppStore|Any CPU.Build.0 = Debug|Any CPU
		{FE941461-8FEF-4486-91C4-AA2C5D05FDA3}.AppStore|ARM.ActiveCfg = Debug|Any CPU
		{FE941461-8FEF-4486-91C4-AA2C5D05FDA3}.AppStore|ARM.Build.0 = Debug|Any CPU
		{FE941461-8FEF-4486-91C4-AA2C5D05FDA3}.AppStore|iPhone.ActiveCfg = Debug|Any CPU
		{FE941461-8FEF-4486-91C4-AA2C5D05FDA3}.AppStore|iPhone.Build.0 = Debug|Any CPU
		{FE941461-8FEF-4486-91C4-AA2C5D05FDA3}.AppStore|iPhoneSimulator.ActiveCfg = Debug|Any CPU
		{FE941461-8FEF-4486-91C4-AA2C5D05FDA3}.AppStore|iPhoneSimulator.Build.0 = Debug|Any CPU
		{FE941461-8FEF-4486-91C4-AA2C5D05FDA3}.AppStore|x64.ActiveCfg = Debug|Any CPU
		{FE941461-8FEF-4486-91C4-AA2C5D05FDA3}.AppStore|x64.Build.0 = Debug|Any CPU
		{FE941461-8FEF-4486-91C4-AA2C5D05FDA3}.AppStore|x86.ActiveCfg = Debug|Any CPU
		{FE941461-8FEF-4486-91C4-AA2C5D05FDA3}.AppStore|x86.Build.0 = Debug|Any CPU
		{FE941461-8FEF-4486-91C4-AA2C5D05FDA3}.Debug|Any CPU.ActiveCfg = Debug|Any CPU
		{FE941461-8FEF-4486-91C4-AA2C5D05FDA3}.Debug|Any CPU.Build.0 = Debug|Any CPU
		{FE941461-8FEF-4486-91C4-AA2C5D05FDA3}.Debug|ARM.ActiveCfg = Debug|Any CPU
		{FE941461-8FEF-4486-91C4-AA2C5D05FDA3}.Debug|ARM.Build.0 = Debug|Any CPU
		{FE941461-8FEF-4486-91C4-AA2C5D05FDA3}.Debug|iPhone.ActiveCfg = Debug|Any CPU
		{FE941461-8FEF-4486-91C4-AA2C5D05FDA3}.Debug|iPhone.Build.0 = Debug|Any CPU
		{FE941461-8FEF-4486-91C4-AA2C5D05FDA3}.Debug|iPhoneSimulator.ActiveCfg = Debug|Any CPU
		{FE941461-8FEF-4486-91C4-AA2C5D05FDA3}.Debug|iPhoneSimulator.Build.0 = Debug|Any CPU
		{FE941461-8FEF-4486-91C4-AA2C5D05FDA3}.Debug|x64.ActiveCfg = Debug|Any CPU
		{FE941461-8FEF-4486-91C4-AA2C5D05FDA3}.Debug|x64.Build.0 = Debug|Any CPU
		{FE941461-8FEF-4486-91C4-AA2C5D05FDA3}.Debug|x86.ActiveCfg = Debug|Any CPU
		{FE941461-8FEF-4486-91C4-AA2C5D05FDA3}.Debug|x86.Build.0 = Debug|Any CPU
		{FE941461-8FEF-4486-91C4-AA2C5D05FDA3}.Release|Any CPU.ActiveCfg = Release|Any CPU
		{FE941461-8FEF-4486-91C4-AA2C5D05FDA3}.Release|Any CPU.Build.0 = Release|Any CPU
		{FE941461-8FEF-4486-91C4-AA2C5D05FDA3}.Release|ARM.ActiveCfg = Release|Any CPU
		{FE941461-8FEF-4486-91C4-AA2C5D05FDA3}.Release|ARM.Build.0 = Release|Any CPU
		{FE941461-8FEF-4486-91C4-AA2C5D05FDA3}.Release|iPhone.ActiveCfg = Release|Any CPU
		{FE941461-8FEF-4486-91C4-AA2C5D05FDA3}.Release|iPhone.Build.0 = Release|Any CPU
		{FE941461-8FEF-4486-91C4-AA2C5D05FDA3}.Release|iPhoneSimulator.ActiveCfg = Release|Any CPU
		{FE941461-8FEF-4486-91C4-AA2C5D05FDA3}.Release|iPhoneSimulator.Build.0 = Release|Any CPU
		{FE941461-8FEF-4486-91C4-AA2C5D05FDA3}.Release|x64.ActiveCfg = Release|Any CPU
		{FE941461-8FEF-4486-91C4-AA2C5D05FDA3}.Release|x64.Build.0 = Release|Any CPU
		{FE941461-8FEF-4486-91C4-AA2C5D05FDA3}.Release|x86.ActiveCfg = Release|Any CPU
		{FE941461-8FEF-4486-91C4-AA2C5D05FDA3}.Release|x86.Build.0 = Release|Any CPU
		{502195E7-2D7A-4016-BD09-EDEC30D454D1}.Ad-Hoc|Any CPU.ActiveCfg = Debug|Any CPU
		{502195E7-2D7A-4016-BD09-EDEC30D454D1}.Ad-Hoc|Any CPU.Build.0 = Debug|Any CPU
		{502195E7-2D7A-4016-BD09-EDEC30D454D1}.Ad-Hoc|ARM.ActiveCfg = Debug|Any CPU
		{502195E7-2D7A-4016-BD09-EDEC30D454D1}.Ad-Hoc|ARM.Build.0 = Debug|Any CPU
		{502195E7-2D7A-4016-BD09-EDEC30D454D1}.Ad-Hoc|iPhone.ActiveCfg = Debug|Any CPU
		{502195E7-2D7A-4016-BD09-EDEC30D454D1}.Ad-Hoc|iPhone.Build.0 = Debug|Any CPU
		{502195E7-2D7A-4016-BD09-EDEC30D454D1}.Ad-Hoc|iPhoneSimulator.ActiveCfg = Debug|Any CPU
		{502195E7-2D7A-4016-BD09-EDEC30D454D1}.Ad-Hoc|iPhoneSimulator.Build.0 = Debug|Any CPU
		{502195E7-2D7A-4016-BD09-EDEC30D454D1}.Ad-Hoc|x64.ActiveCfg = Debug|Any CPU
		{502195E7-2D7A-4016-BD09-EDEC30D454D1}.Ad-Hoc|x64.Build.0 = Debug|Any CPU
		{502195E7-2D7A-4016-BD09-EDEC30D454D1}.Ad-Hoc|x86.ActiveCfg = Debug|Any CPU
		{502195E7-2D7A-4016-BD09-EDEC30D454D1}.Ad-Hoc|x86.Build.0 = Debug|Any CPU
		{502195E7-2D7A-4016-BD09-EDEC30D454D1}.AppStore|Any CPU.ActiveCfg = Debug|Any CPU
		{502195E7-2D7A-4016-BD09-EDEC30D454D1}.AppStore|Any CPU.Build.0 = Debug|Any CPU
		{502195E7-2D7A-4016-BD09-EDEC30D454D1}.AppStore|ARM.ActiveCfg = Debug|Any CPU
		{502195E7-2D7A-4016-BD09-EDEC30D454D1}.AppStore|ARM.Build.0 = Debug|Any CPU
		{502195E7-2D7A-4016-BD09-EDEC30D454D1}.AppStore|iPhone.ActiveCfg = Debug|Any CPU
		{502195E7-2D7A-4016-BD09-EDEC30D454D1}.AppStore|iPhone.Build.0 = Debug|Any CPU
		{502195E7-2D7A-4016-BD09-EDEC30D454D1}.AppStore|iPhoneSimulator.ActiveCfg = Debug|Any CPU
		{502195E7-2D7A-4016-BD09-EDEC30D454D1}.AppStore|iPhoneSimulator.Build.0 = Debug|Any CPU
		{502195E7-2D7A-4016-BD09-EDEC30D454D1}.AppStore|x64.ActiveCfg = Debug|Any CPU
		{502195E7-2D7A-4016-BD09-EDEC30D454D1}.AppStore|x64.Build.0 = Debug|Any CPU
		{502195E7-2D7A-4016-BD09-EDEC30D454D1}.AppStore|x86.ActiveCfg = Debug|Any CPU
		{502195E7-2D7A-4016-BD09-EDEC30D454D1}.AppStore|x86.Build.0 = Debug|Any CPU
		{502195E7-2D7A-4016-BD09-EDEC30D454D1}.Debug|Any CPU.ActiveCfg = Debug|Any CPU
		{502195E7-2D7A-4016-BD09-EDEC30D454D1}.Debug|Any CPU.Build.0 = Debug|Any CPU
		{502195E7-2D7A-4016-BD09-EDEC30D454D1}.Debug|ARM.ActiveCfg = Debug|Any CPU
		{502195E7-2D7A-4016-BD09-EDEC30D454D1}.Debug|ARM.Build.0 = Debug|Any CPU
		{502195E7-2D7A-4016-BD09-EDEC30D454D1}.Debug|iPhone.ActiveCfg = Debug|Any CPU
		{502195E7-2D7A-4016-BD09-EDEC30D454D1}.Debug|iPhone.Build.0 = Debug|Any CPU
		{502195E7-2D7A-4016-BD09-EDEC30D454D1}.Debug|iPhoneSimulator.ActiveCfg = Debug|Any CPU
		{502195E7-2D7A-4016-BD09-EDEC30D454D1}.Debug|iPhoneSimulator.Build.0 = Debug|Any CPU
		{502195E7-2D7A-4016-BD09-EDEC30D454D1}.Debug|x64.ActiveCfg = Debug|Any CPU
		{502195E7-2D7A-4016-BD09-EDEC30D454D1}.Debug|x64.Build.0 = Debug|Any CPU
		{502195E7-2D7A-4016-BD09-EDEC30D454D1}.Debug|x86.ActiveCfg = Debug|Any CPU
		{502195E7-2D7A-4016-BD09-EDEC30D454D1}.Debug|x86.Build.0 = Debug|Any CPU
		{502195E7-2D7A-4016-BD09-EDEC30D454D1}.Release|Any CPU.ActiveCfg = Release|Any CPU
		{502195E7-2D7A-4016-BD09-EDEC30D454D1}.Release|Any CPU.Build.0 = Release|Any CPU
		{502195E7-2D7A-4016-BD09-EDEC30D454D1}.Release|ARM.ActiveCfg = Release|Any CPU
		{502195E7-2D7A-4016-BD09-EDEC30D454D1}.Release|ARM.Build.0 = Release|Any CPU
		{502195E7-2D7A-4016-BD09-EDEC30D454D1}.Release|iPhone.ActiveCfg = Release|Any CPU
		{502195E7-2D7A-4016-BD09-EDEC30D454D1}.Release|iPhone.Build.0 = Release|Any CPU
		{502195E7-2D7A-4016-BD09-EDEC30D454D1}.Release|iPhoneSimulator.ActiveCfg = Release|Any CPU
		{502195E7-2D7A-4016-BD09-EDEC30D454D1}.Release|iPhoneSimulator.Build.0 = Release|Any CPU
		{502195E7-2D7A-4016-BD09-EDEC30D454D1}.Release|x64.ActiveCfg = Release|Any CPU
		{502195E7-2D7A-4016-BD09-EDEC30D454D1}.Release|x64.Build.0 = Release|Any CPU
		{502195E7-2D7A-4016-BD09-EDEC30D454D1}.Release|x86.ActiveCfg = Release|Any CPU
		{502195E7-2D7A-4016-BD09-EDEC30D454D1}.Release|x86.Build.0 = Release|Any CPU
		{D96AD2B3-3871-44A6-9276-FDDE717578FA}.Ad-Hoc|Any CPU.ActiveCfg = Debug|Any CPU
		{D96AD2B3-3871-44A6-9276-FDDE717578FA}.Ad-Hoc|Any CPU.Build.0 = Debug|Any CPU
		{D96AD2B3-3871-44A6-9276-FDDE717578FA}.Ad-Hoc|ARM.ActiveCfg = Debug|Any CPU
		{D96AD2B3-3871-44A6-9276-FDDE717578FA}.Ad-Hoc|ARM.Build.0 = Debug|Any CPU
		{D96AD2B3-3871-44A6-9276-FDDE717578FA}.Ad-Hoc|iPhone.ActiveCfg = Debug|Any CPU
		{D96AD2B3-3871-44A6-9276-FDDE717578FA}.Ad-Hoc|iPhone.Build.0 = Debug|Any CPU
		{D96AD2B3-3871-44A6-9276-FDDE717578FA}.Ad-Hoc|iPhoneSimulator.ActiveCfg = Debug|Any CPU
		{D96AD2B3-3871-44A6-9276-FDDE717578FA}.Ad-Hoc|iPhoneSimulator.Build.0 = Debug|Any CPU
		{D96AD2B3-3871-44A6-9276-FDDE717578FA}.Ad-Hoc|x64.ActiveCfg = Debug|Any CPU
		{D96AD2B3-3871-44A6-9276-FDDE717578FA}.Ad-Hoc|x64.Build.0 = Debug|Any CPU
		{D96AD2B3-3871-44A6-9276-FDDE717578FA}.Ad-Hoc|x86.ActiveCfg = Debug|Any CPU
		{D96AD2B3-3871-44A6-9276-FDDE717578FA}.Ad-Hoc|x86.Build.0 = Debug|Any CPU
		{D96AD2B3-3871-44A6-9276-FDDE717578FA}.AppStore|Any CPU.ActiveCfg = Debug|Any CPU
		{D96AD2B3-3871-44A6-9276-FDDE717578FA}.AppStore|Any CPU.Build.0 = Debug|Any CPU
		{D96AD2B3-3871-44A6-9276-FDDE717578FA}.AppStore|ARM.ActiveCfg = Debug|Any CPU
		{D96AD2B3-3871-44A6-9276-FDDE717578FA}.AppStore|ARM.Build.0 = Debug|Any CPU
		{D96AD2B3-3871-44A6-9276-FDDE717578FA}.AppStore|iPhone.ActiveCfg = Debug|Any CPU
		{D96AD2B3-3871-44A6-9276-FDDE717578FA}.AppStore|iPhone.Build.0 = Debug|Any CPU
		{D96AD2B3-3871-44A6-9276-FDDE717578FA}.AppStore|iPhoneSimulator.ActiveCfg = Debug|Any CPU
		{D96AD2B3-3871-44A6-9276-FDDE717578FA}.AppStore|iPhoneSimulator.Build.0 = Debug|Any CPU
		{D96AD2B3-3871-44A6-9276-FDDE717578FA}.AppStore|x64.ActiveCfg = Debug|Any CPU
		{D96AD2B3-3871-44A6-9276-FDDE717578FA}.AppStore|x64.Build.0 = Debug|Any CPU
		{D96AD2B3-3871-44A6-9276-FDDE717578FA}.AppStore|x86.ActiveCfg = Debug|Any CPU
		{D96AD2B3-3871-44A6-9276-FDDE717578FA}.AppStore|x86.Build.0 = Debug|Any CPU
		{D96AD2B3-3871-44A6-9276-FDDE717578FA}.Debug|Any CPU.ActiveCfg = Debug|Any CPU
		{D96AD2B3-3871-44A6-9276-FDDE717578FA}.Debug|Any CPU.Build.0 = Debug|Any CPU
		{D96AD2B3-3871-44A6-9276-FDDE717578FA}.Debug|ARM.ActiveCfg = Debug|Any CPU
		{D96AD2B3-3871-44A6-9276-FDDE717578FA}.Debug|ARM.Build.0 = Debug|Any CPU
		{D96AD2B3-3871-44A6-9276-FDDE717578FA}.Debug|iPhone.ActiveCfg = Debug|Any CPU
		{D96AD2B3-3871-44A6-9276-FDDE717578FA}.Debug|iPhone.Build.0 = Debug|Any CPU
		{D96AD2B3-3871-44A6-9276-FDDE717578FA}.Debug|iPhoneSimulator.ActiveCfg = Debug|Any CPU
		{D96AD2B3-3871-44A6-9276-FDDE717578FA}.Debug|iPhoneSimulator.Build.0 = Debug|Any CPU
		{D96AD2B3-3871-44A6-9276-FDDE717578FA}.Debug|x64.ActiveCfg = Debug|Any CPU
		{D96AD2B3-3871-44A6-9276-FDDE717578FA}.Debug|x64.Build.0 = Debug|Any CPU
		{D96AD2B3-3871-44A6-9276-FDDE717578FA}.Debug|x86.ActiveCfg = Debug|Any CPU
		{D96AD2B3-3871-44A6-9276-FDDE717578FA}.Debug|x86.Build.0 = Debug|Any CPU
		{D96AD2B3-3871-44A6-9276-FDDE717578FA}.Release|Any CPU.ActiveCfg = Release|Any CPU
		{D96AD2B3-3871-44A6-9276-FDDE717578FA}.Release|Any CPU.Build.0 = Release|Any CPU
		{D96AD2B3-3871-44A6-9276-FDDE717578FA}.Release|ARM.ActiveCfg = Release|Any CPU
		{D96AD2B3-3871-44A6-9276-FDDE717578FA}.Release|ARM.Build.0 = Release|Any CPU
		{D96AD2B3-3871-44A6-9276-FDDE717578FA}.Release|iPhone.ActiveCfg = Release|Any CPU
		{D96AD2B3-3871-44A6-9276-FDDE717578FA}.Release|iPhone.Build.0 = Release|Any CPU
		{D96AD2B3-3871-44A6-9276-FDDE717578FA}.Release|iPhoneSimulator.ActiveCfg = Release|Any CPU
		{D96AD2B3-3871-44A6-9276-FDDE717578FA}.Release|iPhoneSimulator.Build.0 = Release|Any CPU
		{D96AD2B3-3871-44A6-9276-FDDE717578FA}.Release|x64.ActiveCfg = Release|Any CPU
		{D96AD2B3-3871-44A6-9276-FDDE717578FA}.Release|x64.Build.0 = Release|Any CPU
		{D96AD2B3-3871-44A6-9276-FDDE717578FA}.Release|x86.ActiveCfg = Release|Any CPU
		{D96AD2B3-3871-44A6-9276-FDDE717578FA}.Release|x86.Build.0 = Release|Any CPU
		{9071794E-84D1-4EFC-97D4-AC6C26BFFA1B}.Ad-Hoc|Any CPU.ActiveCfg = Debug|Any CPU
		{9071794E-84D1-4EFC-97D4-AC6C26BFFA1B}.Ad-Hoc|Any CPU.Build.0 = Debug|Any CPU
		{9071794E-84D1-4EFC-97D4-AC6C26BFFA1B}.Ad-Hoc|ARM.ActiveCfg = Debug|Any CPU
		{9071794E-84D1-4EFC-97D4-AC6C26BFFA1B}.Ad-Hoc|ARM.Build.0 = Debug|Any CPU
		{9071794E-84D1-4EFC-97D4-AC6C26BFFA1B}.Ad-Hoc|iPhone.ActiveCfg = Debug|Any CPU
		{9071794E-84D1-4EFC-97D4-AC6C26BFFA1B}.Ad-Hoc|iPhone.Build.0 = Debug|Any CPU
		{9071794E-84D1-4EFC-97D4-AC6C26BFFA1B}.Ad-Hoc|iPhoneSimulator.ActiveCfg = Debug|Any CPU
		{9071794E-84D1-4EFC-97D4-AC6C26BFFA1B}.Ad-Hoc|iPhoneSimulator.Build.0 = Debug|Any CPU
		{9071794E-84D1-4EFC-97D4-AC6C26BFFA1B}.Ad-Hoc|x64.ActiveCfg = Debug|Any CPU
		{9071794E-84D1-4EFC-97D4-AC6C26BFFA1B}.Ad-Hoc|x64.Build.0 = Debug|Any CPU
		{9071794E-84D1-4EFC-97D4-AC6C26BFFA1B}.Ad-Hoc|x86.ActiveCfg = Debug|Any CPU
		{9071794E-84D1-4EFC-97D4-AC6C26BFFA1B}.Ad-Hoc|x86.Build.0 = Debug|Any CPU
		{9071794E-84D1-4EFC-97D4-AC6C26BFFA1B}.AppStore|Any CPU.ActiveCfg = Debug|Any CPU
		{9071794E-84D1-4EFC-97D4-AC6C26BFFA1B}.AppStore|Any CPU.Build.0 = Debug|Any CPU
		{9071794E-84D1-4EFC-97D4-AC6C26BFFA1B}.AppStore|ARM.ActiveCfg = Debug|Any CPU
		{9071794E-84D1-4EFC-97D4-AC6C26BFFA1B}.AppStore|ARM.Build.0 = Debug|Any CPU
		{9071794E-84D1-4EFC-97D4-AC6C26BFFA1B}.AppStore|iPhone.ActiveCfg = Debug|Any CPU
		{9071794E-84D1-4EFC-97D4-AC6C26BFFA1B}.AppStore|iPhone.Build.0 = Debug|Any CPU
		{9071794E-84D1-4EFC-97D4-AC6C26BFFA1B}.AppStore|iPhoneSimulator.ActiveCfg = Debug|Any CPU
		{9071794E-84D1-4EFC-97D4-AC6C26BFFA1B}.AppStore|iPhoneSimulator.Build.0 = Debug|Any CPU
		{9071794E-84D1-4EFC-97D4-AC6C26BFFA1B}.AppStore|x64.ActiveCfg = Debug|Any CPU
		{9071794E-84D1-4EFC-97D4-AC6C26BFFA1B}.AppStore|x64.Build.0 = Debug|Any CPU
		{9071794E-84D1-4EFC-97D4-AC6C26BFFA1B}.AppStore|x86.ActiveCfg = Debug|Any CPU
		{9071794E-84D1-4EFC-97D4-AC6C26BFFA1B}.AppStore|x86.Build.0 = Debug|Any CPU
		{9071794E-84D1-4EFC-97D4-AC6C26BFFA1B}.Debug|Any CPU.ActiveCfg = Debug|Any CPU
		{9071794E-84D1-4EFC-97D4-AC6C26BFFA1B}.Debug|Any CPU.Build.0 = Debug|Any CPU
		{9071794E-84D1-4EFC-97D4-AC6C26BFFA1B}.Debug|ARM.ActiveCfg = Debug|Any CPU
		{9071794E-84D1-4EFC-97D4-AC6C26BFFA1B}.Debug|ARM.Build.0 = Debug|Any CPU
		{9071794E-84D1-4EFC-97D4-AC6C26BFFA1B}.Debug|iPhone.ActiveCfg = Debug|Any CPU
		{9071794E-84D1-4EFC-97D4-AC6C26BFFA1B}.Debug|iPhone.Build.0 = Debug|Any CPU
		{9071794E-84D1-4EFC-97D4-AC6C26BFFA1B}.Debug|iPhoneSimulator.ActiveCfg = Debug|Any CPU
		{9071794E-84D1-4EFC-97D4-AC6C26BFFA1B}.Debug|iPhoneSimulator.Build.0 = Debug|Any CPU
		{9071794E-84D1-4EFC-97D4-AC6C26BFFA1B}.Debug|x64.ActiveCfg = Debug|Any CPU
		{9071794E-84D1-4EFC-97D4-AC6C26BFFA1B}.Debug|x64.Build.0 = Debug|Any CPU
		{9071794E-84D1-4EFC-97D4-AC6C26BFFA1B}.Debug|x86.ActiveCfg = Debug|Any CPU
		{9071794E-84D1-4EFC-97D4-AC6C26BFFA1B}.Debug|x86.Build.0 = Debug|Any CPU
		{9071794E-84D1-4EFC-97D4-AC6C26BFFA1B}.Release|Any CPU.ActiveCfg = Release|Any CPU
		{9071794E-84D1-4EFC-97D4-AC6C26BFFA1B}.Release|Any CPU.Build.0 = Release|Any CPU
		{9071794E-84D1-4EFC-97D4-AC6C26BFFA1B}.Release|ARM.ActiveCfg = Release|Any CPU
		{9071794E-84D1-4EFC-97D4-AC6C26BFFA1B}.Release|ARM.Build.0 = Release|Any CPU
		{9071794E-84D1-4EFC-97D4-AC6C26BFFA1B}.Release|iPhone.ActiveCfg = Release|Any CPU
		{9071794E-84D1-4EFC-97D4-AC6C26BFFA1B}.Release|iPhone.Build.0 = Release|Any CPU
		{9071794E-84D1-4EFC-97D4-AC6C26BFFA1B}.Release|iPhoneSimulator.ActiveCfg = Release|Any CPU
		{9071794E-84D1-4EFC-97D4-AC6C26BFFA1B}.Release|iPhoneSimulator.Build.0 = Release|Any CPU
		{9071794E-84D1-4EFC-97D4-AC6C26BFFA1B}.Release|x64.ActiveCfg = Release|Any CPU
		{9071794E-84D1-4EFC-97D4-AC6C26BFFA1B}.Release|x64.Build.0 = Release|Any CPU
		{9071794E-84D1-4EFC-97D4-AC6C26BFFA1B}.Release|x86.ActiveCfg = Release|Any CPU
		{9071794E-84D1-4EFC-97D4-AC6C26BFFA1B}.Release|x86.Build.0 = Release|Any CPU
		{6C04004E-4D54-4595-9946-D2FCE279EFB1}.Ad-Hoc|Any CPU.ActiveCfg = Debug|Any CPU
		{6C04004E-4D54-4595-9946-D2FCE279EFB1}.Ad-Hoc|Any CPU.Build.0 = Debug|Any CPU
		{6C04004E-4D54-4595-9946-D2FCE279EFB1}.Ad-Hoc|ARM.ActiveCfg = Debug|Any CPU
		{6C04004E-4D54-4595-9946-D2FCE279EFB1}.Ad-Hoc|ARM.Build.0 = Debug|Any CPU
		{6C04004E-4D54-4595-9946-D2FCE279EFB1}.Ad-Hoc|iPhone.ActiveCfg = Debug|Any CPU
		{6C04004E-4D54-4595-9946-D2FCE279EFB1}.Ad-Hoc|iPhone.Build.0 = Debug|Any CPU
		{6C04004E-4D54-4595-9946-D2FCE279EFB1}.Ad-Hoc|iPhoneSimulator.ActiveCfg = Debug|Any CPU
		{6C04004E-4D54-4595-9946-D2FCE279EFB1}.Ad-Hoc|iPhoneSimulator.Build.0 = Debug|Any CPU
		{6C04004E-4D54-4595-9946-D2FCE279EFB1}.Ad-Hoc|x64.ActiveCfg = Debug|Any CPU
		{6C04004E-4D54-4595-9946-D2FCE279EFB1}.Ad-Hoc|x64.Build.0 = Debug|Any CPU
		{6C04004E-4D54-4595-9946-D2FCE279EFB1}.Ad-Hoc|x86.ActiveCfg = Debug|Any CPU
		{6C04004E-4D54-4595-9946-D2FCE279EFB1}.Ad-Hoc|x86.Build.0 = Debug|Any CPU
		{6C04004E-4D54-4595-9946-D2FCE279EFB1}.AppStore|Any CPU.ActiveCfg = Debug|Any CPU
		{6C04004E-4D54-4595-9946-D2FCE279EFB1}.AppStore|Any CPU.Build.0 = Debug|Any CPU
		{6C04004E-4D54-4595-9946-D2FCE279EFB1}.AppStore|ARM.ActiveCfg = Debug|Any CPU
		{6C04004E-4D54-4595-9946-D2FCE279EFB1}.AppStore|ARM.Build.0 = Debug|Any CPU
		{6C04004E-4D54-4595-9946-D2FCE279EFB1}.AppStore|iPhone.ActiveCfg = Debug|Any CPU
		{6C04004E-4D54-4595-9946-D2FCE279EFB1}.AppStore|iPhone.Build.0 = Debug|Any CPU
		{6C04004E-4D54-4595-9946-D2FCE279EFB1}.AppStore|iPhoneSimulator.ActiveCfg = Debug|Any CPU
		{6C04004E-4D54-4595-9946-D2FCE279EFB1}.AppStore|iPhoneSimulator.Build.0 = Debug|Any CPU
		{6C04004E-4D54-4595-9946-D2FCE279EFB1}.AppStore|x64.ActiveCfg = Debug|Any CPU
		{6C04004E-4D54-4595-9946-D2FCE279EFB1}.AppStore|x64.Build.0 = Debug|Any CPU
		{6C04004E-4D54-4595-9946-D2FCE279EFB1}.AppStore|x86.ActiveCfg = Debug|Any CPU
		{6C04004E-4D54-4595-9946-D2FCE279EFB1}.AppStore|x86.Build.0 = Debug|Any CPU
		{6C04004E-4D54-4595-9946-D2FCE279EFB1}.Debug|Any CPU.ActiveCfg = Debug|Any CPU
		{6C04004E-4D54-4595-9946-D2FCE279EFB1}.Debug|Any CPU.Build.0 = Debug|Any CPU
		{6C04004E-4D54-4595-9946-D2FCE279EFB1}.Debug|ARM.ActiveCfg = Debug|Any CPU
		{6C04004E-4D54-4595-9946-D2FCE279EFB1}.Debug|ARM.Build.0 = Debug|Any CPU
		{6C04004E-4D54-4595-9946-D2FCE279EFB1}.Debug|iPhone.ActiveCfg = Debug|Any CPU
		{6C04004E-4D54-4595-9946-D2FCE279EFB1}.Debug|iPhone.Build.0 = Debug|Any CPU
		{6C04004E-4D54-4595-9946-D2FCE279EFB1}.Debug|iPhoneSimulator.ActiveCfg = Debug|Any CPU
		{6C04004E-4D54-4595-9946-D2FCE279EFB1}.Debug|iPhoneSimulator.Build.0 = Debug|Any CPU
		{6C04004E-4D54-4595-9946-D2FCE279EFB1}.Debug|x64.ActiveCfg = Debug|Any CPU
		{6C04004E-4D54-4595-9946-D2FCE279EFB1}.Debug|x64.Build.0 = Debug|Any CPU
		{6C04004E-4D54-4595-9946-D2FCE279EFB1}.Debug|x86.ActiveCfg = Debug|Any CPU
		{6C04004E-4D54-4595-9946-D2FCE279EFB1}.Debug|x86.Build.0 = Debug|Any CPU
		{6C04004E-4D54-4595-9946-D2FCE279EFB1}.Release|Any CPU.ActiveCfg = Release|Any CPU
		{6C04004E-4D54-4595-9946-D2FCE279EFB1}.Release|Any CPU.Build.0 = Release|Any CPU
		{6C04004E-4D54-4595-9946-D2FCE279EFB1}.Release|ARM.ActiveCfg = Release|Any CPU
		{6C04004E-4D54-4595-9946-D2FCE279EFB1}.Release|ARM.Build.0 = Release|Any CPU
		{6C04004E-4D54-4595-9946-D2FCE279EFB1}.Release|iPhone.ActiveCfg = Release|Any CPU
		{6C04004E-4D54-4595-9946-D2FCE279EFB1}.Release|iPhone.Build.0 = Release|Any CPU
		{6C04004E-4D54-4595-9946-D2FCE279EFB1}.Release|iPhoneSimulator.ActiveCfg = Release|Any CPU
		{6C04004E-4D54-4595-9946-D2FCE279EFB1}.Release|iPhoneSimulator.Build.0 = Release|Any CPU
		{6C04004E-4D54-4595-9946-D2FCE279EFB1}.Release|x64.ActiveCfg = Release|Any CPU
		{6C04004E-4D54-4595-9946-D2FCE279EFB1}.Release|x64.Build.0 = Release|Any CPU
		{6C04004E-4D54-4595-9946-D2FCE279EFB1}.Release|x86.ActiveCfg = Release|Any CPU
		{6C04004E-4D54-4595-9946-D2FCE279EFB1}.Release|x86.Build.0 = Release|Any CPU
	EndGlobalSection
	GlobalSection(SolutionProperties) = preSolution
		HideSolutionNode = FALSE
	EndGlobalSection
	GlobalSection(ExtensibilityGlobals) = postSolution
		SolutionGuid = {C2D6749F-1EB9-408D-ADCA-C88E9DE0F881}
	EndGlobalSection
EndGlobal
